
Microsoft Visual Studio Solution File, Format Version 12.00
# Visual Studio Version 17
VisualStudioVersion = 17.0.31903.59
MinimumVisualStudioVersion = 10.0.40219.1
Project("{2150E333-8FDC-42A3-9474-1A3956D46DE8}") = "src", "src", "{58A59A7E-0D10-42AC-A2A9-5734D20591A7}"
EndProject
Project("{FAE04EC0-301F-11D3-BF4B-00C04F79EFBC}") = "MasterPOS.Domain", "src\MasterPOS.Domain\MasterPOS.Domain.csproj", "{8BD8DD06-367C-4B58-A8E2-E606CAB215B4}"
EndProject
Project("{FAE04EC0-301F-11D3-BF4B-00C04F79EFBC}") = "MasterPOS.Infrastructure", "src\MasterPOS.Infrastructure\MasterPOS.Infrastructure.csproj", "{FB9A3039-49B9-46BD-A560-28F52D9A3A2C}"
EndProject
Project("{FAE04EC0-301F-11D3-BF4B-00C04F79EFBC}") = "MasterPOS.Application", "src\MasterPOS.Application\MasterPOS.Application.csproj", "{9802890B-E86D-4546-9FA7-082F003CF391}"
EndProject
Project("{FAE04EC0-301F-11D3-BF4B-00C04F79EFBC}") = "MasterPOS.Api", "src\MasterPOS.Api\MasterPOS.Api.csproj", "{EEDF52E7-22EF-4B07-AA38-5E9DA6304AA8}"
EndProject
Project("{FAE04EC0-301F-11D3-BF4B-00C04F79EFBC}") = "MasterPOS.Migrator", "src\MasterPOS.Migrator\MasterPOS.Migrator.csproj", "{E28316AD-F2B7-4656-BC75-99DC06DAADBE}"
EndProject
Project("{2150E333-8FDC-42A3-9474-1A3956D46DE8}") = "tests", "tests", "{5B0937EB-F0DC-444F-BFF6-8299C2ABD0F1}"
EndProject
Project("{FAE04EC0-301F-11D3-BF4B-00C04F79EFBC}") = "MasterPOS.Tests", "tests\MasterPOS.Tests\MasterPOS.Tests.csproj", "{A6520C99-1EE0-45C9-8C33-BC46924ACD71}"
EndProject
Global
	GlobalSection(SolutionConfigurationPlatforms) = preSolution
		Debug|Any CPU = Debug|Any CPU
		Release|Any CPU = Release|Any CPU
	EndGlobalSection
	GlobalSection(SolutionProperties) = preSolution
		HideSolutionNode = FALSE
	EndGlobalSection
	GlobalSection(ProjectConfigurationPlatforms) = postSolution
		{8BD8DD06-367C-4B58-A8E2-E606CAB215B4}.Debug|Any CPU.ActiveCfg = Debug|Any CPU
		{8BD8DD06-367C-4B58-A8E2-E606CAB215B4}.Debug|Any CPU.Build.0 = Debug|Any CPU
		{8BD8DD06-367C-4B58-A8E2-E606CAB215B4}.Release|Any CPU.ActiveCfg = Release|Any CPU
		{8BD8DD06-367C-4B58-A8E2-E606CAB215B4}.Release|Any CPU.Build.0 = Release|Any CPU
		{FB9A3039-49B9-46BD-A560-28F52D9A3A2C}.Debug|Any CPU.ActiveCfg = Debug|Any CPU
		{FB9A3039-49B9-46BD-A560-28F52D9A3A2C}.Debug|Any CPU.Build.0 = Debug|Any CPU
		{FB9A3039-49B9-46BD-A560-28F52D9A3A2C}.Release|Any CPU.ActiveCfg = Release|Any CPU
		{FB9A3039-49B9-46BD-A560-28F52D9A3A2C}.Release|Any CPU.Build.0 = Release|Any CPU
		{9802890B-E86D-4546-9FA7-082F003CF391}.Debug|Any CPU.ActiveCfg = Debug|Any CPU
		{9802890B-E86D-4546-9FA7-082F003CF391}.Debug|Any CPU.Build.0 = Debug|Any CPU
		{9802890B-E86D-4546-9FA7-082F003CF391}.Release|Any CPU.ActiveCfg = Release|Any CPU
		{9802890B-E86D-4546-9FA7-082F003CF391}.Release|Any CPU.Build.0 = Release|Any CPU
		{EEDF52E7-22EF-4B07-AA38-5E9DA6304AA8}.Debug|Any CPU.ActiveCfg = Debug|Any CPU
		{EEDF52E7-22EF-4B07-AA38-5E9DA6304AA8}.Debug|Any CPU.Build.0 = Debug|Any CPU
		{EEDF52E7-22EF-4B07-AA38-5E9DA6304AA8}.Release|Any CPU.ActiveCfg = Release|Any CPU
		{EEDF52E7-22EF-4B07-AA38-5E9DA6304AA8}.Release|Any CPU.Build.0 = Release|Any CPU
		{E28316AD-F2B7-4656-BC75-99DC06DAADBE}.Debug|Any CPU.ActiveCfg = Debug|Any CPU
		{E28316AD-F2B7-4656-BC75-99DC06DAADBE}.Debug|Any CPU.Build.0 = Debug|Any CPU
		{E28316AD-F2B7-4656-BC75-99DC06DAADBE}.Release|Any CPU.ActiveCfg = Release|Any CPU
		{E28316AD-F2B7-4656-BC75-99DC06DAADBE}.Release|Any CPU.Build.0 = Release|Any CPU
		{A6520C99-1EE0-45C9-8C33-BC46924ACD71}.Debug|Any CPU.ActiveCfg = Debug|Any CPU
		{A6520C99-1EE0-45C9-8C33-BC46924ACD71}.Debug|Any CPU.Build.0 = Debug|Any CPU
		{A6520C99-1EE0-45C9-8C33-BC46924ACD71}.Release|Any CPU.ActiveCfg = Release|Any CPU
		{A6520C99-1EE0-45C9-8C33-BC46924ACD71}.Release|Any CPU.Build.0 = Release|Any CPU
	EndGlobalSection
	GlobalSection(NestedProjects) = preSolution
		{8BD8DD06-367C-4B58-A8E2-E606CAB215B4} = {58A59A7E-0D10-42AC-A2A9-5734D20591A7}
		{FB9A3039-49B9-46BD-A560-28F52D9A3A2C} = {58A59A7E-0D10-42AC-A2A9-5734D20591A7}
		{9802890B-E86D-4546-9FA7-082F003CF391} = {58A59A7E-0D10-42AC-A2A9-5734D20591A7}
		{EEDF52E7-22EF-4B07-AA38-5E9DA6304AA8} = {58A59A7E-0D10-42AC-A2A9-5734D20591A7}
		{E28316AD-F2B7-4656-BC75-99DC06DAADBE} = {58A59A7E-0D10-42AC-A2A9-5734D20591A7}
		{A6520C99-1EE0-45C9-8C33-BC46924ACD71} = {5B0937EB-F0DC-444F-BFF6-8299C2ABD0F1}
	EndGlobalSection
EndGlobal
